// !$*UTF8*$!
{
	archiveVersion = 1;
	classes = {
	};
	objectVersion = 51;
	objects = {

/* Begin PBXBuildFile section */
		02F8E3F6C349C5C4072A4FC9 /* Pods_chatAppDemo_Rahul.framework in Frameworks */ = {isa = PBXBuildFile; fileRef = F2745472A7B71026A8441C6D /* Pods_chatAppDemo_Rahul.framework */; };
		15241C20268FB875000E163D /* Extension.swift in Sources */ = {isa = PBXBuildFile; fileRef = 15241C1F268FB875000E163D /* Extension.swift */; };
		15241C2226939D09000E163D /* GoogleService-Info.plist in Resources */ = {isa = PBXBuildFile; fileRef = 15241C2126939D09000E163D /* GoogleService-Info.plist */; };
		15241C242693B9FB000E163D /* DatabaseManager.swift in Sources */ = {isa = PBXBuildFile; fileRef = 15241C232693B9FB000E163D /* DatabaseManager.swift */; };
		2F6BAF71268B5CDE00943195 /* AppDelegate.swift in Sources */ = {isa = PBXBuildFile; fileRef = 2F6BAF70268B5CDE00943195 /* AppDelegate.swift */; };
		2F6BAF73268B5CDE00943195 /* SceneDelegate.swift in Sources */ = {isa = PBXBuildFile; fileRef = 2F6BAF72268B5CDE00943195 /* SceneDelegate.swift */; };
		2F6BAF75268B5CDE00943195 /* ConservationsViewController.swift in Sources */ = {isa = PBXBuildFile; fileRef = 2F6BAF74268B5CDE00943195 /* ConservationsViewController.swift */; };
		2F6BAF78268B5CDE00943195 /* Main.storyboard in Resources */ = {isa = PBXBuildFile; fileRef = 2F6BAF76268B5CDE00943195 /* Main.storyboard */; };
		2F6BAF7A268B5CE600943195 /* Assets.xcassets in Resources */ = {isa = PBXBuildFile; fileRef = 2F6BAF79268B5CE600943195 /* Assets.xcassets */; };
		2F6BAF7D268B5CE600943195 /* LaunchScreen.storyboard in Resources */ = {isa = PBXBuildFile; fileRef = 2F6BAF7B268B5CE600943195 /* LaunchScreen.storyboard */; };
		2F6BAF8E268B623200943195 /* LoginViewController.swift in Sources */ = {isa = PBXBuildFile; fileRef = 2F6BAF8D268B623200943195 /* LoginViewController.swift */; };
		2F6BAF91268B625900943195 /* RegisterViewController.swift in Sources */ = {isa = PBXBuildFile; fileRef = 2F6BAF90268B625900943195 /* RegisterViewController.swift */; };
		2F6BAF94268B62AD00943195 /* PhotoViewerViewController.swift in Sources */ = {isa = PBXBuildFile; fileRef = 2F6BAF93268B62AD00943195 /* PhotoViewerViewController.swift */; };
		2F6BAF97268B62BE00943195 /* VideoViewerViewController.swift in Sources */ = {isa = PBXBuildFile; fileRef = 2F6BAF96268B62BE00943195 /* VideoViewerViewController.swift */; };
		2F6BAF9B268B62DE00943195 /* ProfileViewController.swift in Sources */ = {isa = PBXBuildFile; fileRef = 2F6BAF9A268B62DE00943195 /* ProfileViewController.swift */; };
		2F6BAF9E268B62EE00943195 /* NewConversationsViewController.swift in Sources */ = {isa = PBXBuildFile; fileRef = 2F6BAF9D268B62EE00943195 /* NewConversationsViewController.swift */; };
/* End PBXBuildFile section */

/* Begin PBXFileReference section */
		0A319FF00A9B9C68EC8FA475 /* Pods-chatAppDemo_Rahul.debug.xcconfig */ = {isa = PBXFileReference; includeInIndex = 1; lastKnownFileType = text.xcconfig; name = "Pods-chatAppDemo_Rahul.debug.xcconfig"; path = "Target Support Files/Pods-chatAppDemo_Rahul/Pods-chatAppDemo_Rahul.debug.xcconfig"; sourceTree = "<group>"; };
		15241C1F268FB875000E163D /* Extension.swift */ = {isa = PBXFileReference; lastKnownFileType = sourcecode.swift; path = Extension.swift; sourceTree = "<group>"; };
		15241C2126939D09000E163D /* GoogleService-Info.plist */ = {isa = PBXFileReference; fileEncoding = 4; lastKnownFileType = text.plist.xml; path = "GoogleService-Info.plist"; sourceTree = "<group>"; };
		15241C232693B9FB000E163D /* DatabaseManager.swift */ = {isa = PBXFileReference; lastKnownFileType = sourcecode.swift; path = DatabaseManager.swift; sourceTree = "<group>"; };
		2F6BAF6D268B5CDE00943195 /* chatAppDemo_Rahul.app */ = {isa = PBXFileReference; explicitFileType = wrapper.application; includeInIndex = 0; path = chatAppDemo_Rahul.app; sourceTree = BUILT_PRODUCTS_DIR; };
		2F6BAF70268B5CDE00943195 /* AppDelegate.swift */ = {isa = PBXFileReference; lastKnownFileType = sourcecode.swift; path = AppDelegate.swift; sourceTree = "<group>"; };
		2F6BAF72268B5CDE00943195 /* SceneDelegate.swift */ = {isa = PBXFileReference; lastKnownFileType = sourcecode.swift; path = SceneDelegate.swift; sourceTree = "<group>"; };
		2F6BAF74268B5CDE00943195 /* ConservationsViewController.swift */ = {isa = PBXFileReference; lastKnownFileType = sourcecode.swift; path = ConservationsViewController.swift; sourceTree = "<group>"; };
		2F6BAF77268B5CDE00943195 /* Base */ = {isa = PBXFileReference; lastKnownFileType = file.storyboard; name = Base; path = Base.lproj/Main.storyboard; sourceTree = "<group>"; };
		2F6BAF79268B5CE600943195 /* Assets.xcassets */ = {isa = PBXFileReference; lastKnownFileType = folder.assetcatalog; path = Assets.xcassets; sourceTree = "<group>"; };
		2F6BAF7C268B5CE600943195 /* Base */ = {isa = PBXFileReference; lastKnownFileType = file.storyboard; name = Base; path = Base.lproj/LaunchScreen.storyboard; sourceTree = "<group>"; };
		2F6BAF7E268B5CE600943195 /* Info.plist */ = {isa = PBXFileReference; lastKnownFileType = text.plist.xml; path = Info.plist; sourceTree = "<group>"; };
		2F6BAF8D268B623200943195 /* LoginViewController.swift */ = {isa = PBXFileReference; lastKnownFileType = sourcecode.swift; path = LoginViewController.swift; sourceTree = "<group>"; };
		2F6BAF90268B625900943195 /* RegisterViewController.swift */ = {isa = PBXFileReference; lastKnownFileType = sourcecode.swift; path = RegisterViewController.swift; sourceTree = "<group>"; };
		2F6BAF93268B62AD00943195 /* PhotoViewerViewController.swift */ = {isa = PBXFileReference; lastKnownFileType = sourcecode.swift; path = PhotoViewerViewController.swift; sourceTree = "<group>"; };
		2F6BAF96268B62BE00943195 /* VideoViewerViewController.swift */ = {isa = PBXFileReference; lastKnownFileType = sourcecode.swift; path = VideoViewerViewController.swift; sourceTree = "<group>"; };
		2F6BAF9A268B62DE00943195 /* ProfileViewController.swift */ = {isa = PBXFileReference; lastKnownFileType = sourcecode.swift; path = ProfileViewController.swift; sourceTree = "<group>"; };
		2F6BAF9D268B62EE00943195 /* NewConversationsViewController.swift */ = {isa = PBXFileReference; lastKnownFileType = sourcecode.swift; path = NewConversationsViewController.swift; sourceTree = "<group>"; };
		71BAC3DC871BAA0923C9934D /* Pods-chatAppDemo_Rahul.release.xcconfig */ = {isa = PBXFileReference; includeInIndex = 1; lastKnownFileType = text.xcconfig; name = "Pods-chatAppDemo_Rahul.release.xcconfig"; path = "Target Support Files/Pods-chatAppDemo_Rahul/Pods-chatAppDemo_Rahul.release.xcconfig"; sourceTree = "<group>"; };
		F2745472A7B71026A8441C6D /* Pods_chatAppDemo_Rahul.framework */ = {isa = PBXFileReference; explicitFileType = wrapper.framework; includeInIndex = 0; path = Pods_chatAppDemo_Rahul.framework; sourceTree = BUILT_PRODUCTS_DIR; };
/* End PBXFileReference section */

/* Begin PBXFrameworksBuildPhase section */
		2F6BAF6A268B5CDE00943195 /* Frameworks */ = {
			isa = PBXFrameworksBuildPhase;
			buildActionMask = 2147483647;
			files = (
				02F8E3F6C349C5C4072A4FC9 /* Pods_chatAppDemo_Rahul.framework in Frameworks */,
			);
			runOnlyForDeploymentPostprocessing = 0;
		};
/* End PBXFrameworksBuildPhase section */

/* Begin PBXGroup section */
		15241C1C268FAE79000E163D /* Login */ = {
			isa = PBXGroup;
			children = (
			);
			path = Login;
			sourceTree = "<group>";
		};
		15241C1D268FAE8F000E163D /* Model */ = {
			isa = PBXGroup;
			children = (
			);
			path = Model;
			sourceTree = "<group>";
		};
		15241C1E268FAEB6000E163D /* ViewModels */ = {
			isa = PBXGroup;
			children = (
			);
			path = ViewModels;
			sourceTree = "<group>";
		};
		2F6BAF64268B5CDE00943195 = {
			isa = PBXGroup;
			children = (
				2F6BAF6F268B5CDE00943195 /* chatAppDemo_Rahul */,
				2F6BAF6E268B5CDE00943195 /* Products */,
				C3C9FFAF8668D6AA89C0D0DB /* Pods */,
				3B04BEC8F2A1F4B542F07243 /* Frameworks */,
			);
			sourceTree = "<group>";
		};
		2F6BAF6E268B5CDE00943195 /* Products */ = {
			isa = PBXGroup;
			children = (
				2F6BAF6D268B5CDE00943195 /* chatAppDemo_Rahul.app */,
			);
			name = Products;
			sourceTree = "<group>";
		};
		2F6BAF6F268B5CDE00943195 /* chatAppDemo_Rahul */ = {
			isa = PBXGroup;
			children = (
				15241C2126939D09000E163D /* GoogleService-Info.plist */,
				2F6BAF89268B604F00943195 /* Resources */,
				2F6BAF88268B601900943195 /* Controllers */,
				2F6BAF87268B601300943195 /* Views */,
				15241C1D268FAE8F000E163D /* Model */,
				15241C1E268FAEB6000E163D /* ViewModels */,
				2F6BAF7E268B5CE600943195 /* Info.plist */,
			);
			path = chatAppDemo_Rahul;
			sourceTree = "<group>";
		};
		2F6BAF87268B601300943195 /* Views */ = {
			isa = PBXGroup;
			children = (
				2F6BAF8A268B60A800943195 /* Storyboards */,
				2F6BAF79268B5CE600943195 /* Assets.xcassets */,
			);
			path = Views;
			sourceTree = "<group>";
		};
		2F6BAF88268B601900943195 /* Controllers */ = {
			isa = PBXGroup;
			children = (
				15241C1C268FAE79000E163D /* Login */,
				2F6BAF74268B5CDE00943195 /* ConservationsViewController.swift */,
				2F6BAF90268B625900943195 /* RegisterViewController.swift */,
				2F6BAF8D268B623200943195 /* LoginViewController.swift */,
				2F6BAF93268B62AD00943195 /* PhotoViewerViewController.swift */,
				2F6BAF96268B62BE00943195 /* VideoViewerViewController.swift */,
				2F6BAF9A268B62DE00943195 /* ProfileViewController.swift */,
				2F6BAF9D268B62EE00943195 /* NewConversationsViewController.swift */,
			);
			path = Controllers;
			sourceTree = "<group>";
		};
		2F6BAF89268B604F00943195 /* Resources */ = {
			isa = PBXGroup;
			children = (
				2F6BAF70268B5CDE00943195 /* AppDelegate.swift */,
				2F6BAF72268B5CDE00943195 /* SceneDelegate.swift */,
				15241C1F268FB875000E163D /* Extension.swift */,
				15241C232693B9FB000E163D /* DatabaseManager.swift */,
			);
			path = Resources;
			sourceTree = "<group>";
		};
		2F6BAF8A268B60A800943195 /* Storyboards */ = {
			isa = PBXGroup;
			children = (
				2F6BAF76268B5CDE00943195 /* Main.storyboard */,
				2F6BAF7B268B5CE600943195 /* LaunchScreen.storyboard */,
			);
			path = Storyboards;
			sourceTree = "<group>";
		};
		3B04BEC8F2A1F4B542F07243 /* Frameworks */ = {
			isa = PBXGroup;
			children = (
				F2745472A7B71026A8441C6D /* Pods_chatAppDemo_Rahul.framework */,
			);
			name = Frameworks;
			sourceTree = "<group>";
		};
		C3C9FFAF8668D6AA89C0D0DB /* Pods */ = {
			isa = PBXGroup;
			children = (
				0A319FF00A9B9C68EC8FA475 /* Pods-chatAppDemo_Rahul.debug.xcconfig */,
				71BAC3DC871BAA0923C9934D /* Pods-chatAppDemo_Rahul.release.xcconfig */,
			);
			path = Pods;
			sourceTree = "<group>";
		};
/* End PBXGroup section */

/* Begin PBXNativeTarget section */
		2F6BAF6C268B5CDE00943195 /* chatAppDemo_Rahul */ = {
			isa = PBXNativeTarget;
			buildConfigurationList = 2F6BAF81268B5CE600943195 /* Build configuration list for PBXNativeTarget "chatAppDemo_Rahul" */;
			buildPhases = (
				B9350548F685082C485F9279 /* [CP] Check Pods Manifest.lock */,
				2F6BAF69268B5CDE00943195 /* Sources */,
				2F6BAF6A268B5CDE00943195 /* Frameworks */,
				2F6BAF6B268B5CDE00943195 /* Resources */,
				377E19AD888AAB3495FB5EF7 /* [CP] Embed Pods Frameworks */,
				3DE42401F0B49C8D9512E9F1 /* [CP] Copy Pods Resources */,
			);
			buildRules = (
			);
			dependencies = (
			);
			name = chatAppDemo_Rahul;
			productName = chatAppDemo_Rahul;
			productReference = 2F6BAF6D268B5CDE00943195 /* chatAppDemo_Rahul.app */;
			productType = "com.apple.product-type.application";
		};
/* End PBXNativeTarget section */

/* Begin PBXProject section */
		2F6BAF65268B5CDE00943195 /* Project object */ = {
			isa = PBXProject;
			attributes = {
				LastSwiftUpdateCheck = 1240;
				LastUpgradeCheck = 1240;
				TargetAttributes = {
					2F6BAF6C268B5CDE00943195 = {
						CreatedOnToolsVersion = 12.4;
					};
				};
			};
			buildConfigurationList = 2F6BAF68268B5CDE00943195 /* Build configuration list for PBXProject "chatAppDemo_Rahul" */;
			compatibilityVersion = "Xcode 9.3";
			developmentRegion = en;
			hasScannedForEncodings = 0;
			knownRegions = (
				en,
				Base,
			);
			mainGroup = 2F6BAF64268B5CDE00943195;
			productRefGroup = 2F6BAF6E268B5CDE00943195 /* Products */;
			projectDirPath = "";
			projectRoot = "";
			targets = (
				2F6BAF6C268B5CDE00943195 /* chatAppDemo_Rahul */,
			);
		};
/* End PBXProject section */

/* Begin PBXResourcesBuildPhase section */
		2F6BAF6B268B5CDE00943195 /* Resources */ = {
			isa = PBXResourcesBuildPhase;
			buildActionMask = 2147483647;
			files = (
				2F6BAF7D268B5CE600943195 /* LaunchScreen.storyboard in Resources */,
				15241C2226939D09000E163D /* GoogleService-Info.plist in Resources */,
				2F6BAF7A268B5CE600943195 /* Assets.xcassets in Resources */,
				2F6BAF78268B5CDE00943195 /* Main.storyboard in Resources */,
			);
			runOnlyForDeploymentPostprocessing = 0;
		};
/* End PBXResourcesBuildPhase section */

/* Begin PBXShellScriptBuildPhase section */
		377E19AD888AAB3495FB5EF7 /* [CP] Embed Pods Frameworks */ = {
			isa = PBXShellScriptBuildPhase;
			buildActionMask = 2147483647;
			files = (
			);
			inputFileListPaths = (
				"${PODS_ROOT}/Target Support Files/Pods-chatAppDemo_Rahul/Pods-chatAppDemo_Rahul-frameworks-${CONFIGURATION}-input-files.xcfilelist",
			);
			name = "[CP] Embed Pods Frameworks";
			outputFileListPaths = (
				"${PODS_ROOT}/Target Support Files/Pods-chatAppDemo_Rahul/Pods-chatAppDemo_Rahul-frameworks-${CONFIGURATION}-output-files.xcfilelist",
			);
			runOnlyForDeploymentPostprocessing = 0;
			shellPath = /bin/sh;
			shellScript = "\"${PODS_ROOT}/Target Support Files/Pods-chatAppDemo_Rahul/Pods-chatAppDemo_Rahul-frameworks.sh\"\n";
			showEnvVarsInLog = 0;
		};
		3DE42401F0B49C8D9512E9F1 /* [CP] Copy Pods Resources */ = {
			isa = PBXShellScriptBuildPhase;
			buildActionMask = 2147483647;
			files = (
			);
			inputFileListPaths = (
				"${PODS_ROOT}/Target Support Files/Pods-chatAppDemo_Rahul/Pods-chatAppDemo_Rahul-resources-${CONFIGURATION}-input-files.xcfilelist",
			);
			name = "[CP] Copy Pods Resources";
			outputFileListPaths = (
				"${PODS_ROOT}/Target Support Files/Pods-chatAppDemo_Rahul/Pods-chatAppDemo_Rahul-resources-${CONFIGURATION}-output-files.xcfilelist",
			);
			runOnlyForDeploymentPostprocessing = 0;
			shellPath = /bin/sh;
			shellScript = "\"${PODS_ROOT}/Target Support Files/Pods-chatAppDemo_Rahul/Pods-chatAppDemo_Rahul-resources.sh\"\n";
			showEnvVarsInLog = 0;
		};
		B9350548F685082C485F9279 /* [CP] Check Pods Manifest.lock */ = {
			isa = PBXShellScriptBuildPhase;
			buildActionMask = 2147483647;
			files = (
			);
			inputFileListPaths = (
			);
			inputPaths = (
				"${PODS_PODFILE_DIR_PATH}/Podfile.lock",
				"${PODS_ROOT}/Manifest.lock",
			);
			name = "[CP] Check Pods Manifest.lock";
			outputFileListPaths = (
			);
			outputPaths = (
				"$(DERIVED_FILE_DIR)/Pods-chatAppDemo_Rahul-checkManifestLockResult.txt",
			);
			runOnlyForDeploymentPostprocessing = 0;
			shellPath = /bin/sh;
			shellScript = "diff \"${PODS_PODFILE_DIR_PATH}/Podfile.lock\" \"${PODS_ROOT}/Manifest.lock\" > /dev/null\nif [ $? != 0 ] ; then\n    # print error to STDERR\n    echo \"error: The sandbox is not in sync with the Podfile.lock. Run 'pod install' or update your CocoaPods installation.\" >&2\n    exit 1\nfi\n# This output is used by Xcode 'outputs' to avoid re-running this script phase.\necho \"SUCCESS\" > \"${SCRIPT_OUTPUT_FILE_0}\"\n";
			showEnvVarsInLog = 0;
		};
/* End PBXShellScriptBuildPhase section */

/* Begin PBXSourcesBuildPhase section */
		2F6BAF69268B5CDE00943195 /* Sources */ = {
			isa = PBXSourcesBuildPhase;
			buildActionMask = 2147483647;
			files = (
				2F6BAF9E268B62EE00943195 /* NewConversationsViewController.swift in Sources */,
				15241C242693B9FB000E163D /* DatabaseManager.swift in Sources */,
				2F6BAF8E268B623200943195 /* LoginViewController.swift in Sources */,
				2F6BAF97268B62BE00943195 /* VideoViewerViewController.swift in Sources */,
				2F6BAF91268B625900943195 /* RegisterViewController.swift in Sources */,
				2F6BAF75268B5CDE00943195 /* ConservationsViewController.swift in Sources */,
				15241C20268FB875000E163D /* Extension.swift in Sources */,
				2F6BAF71268B5CDE00943195 /* AppDelegate.swift in Sources */,
				2F6BAF73268B5CDE00943195 /* SceneDelegate.swift in Sources */,
				2F6BAF9B268B62DE00943195 /* ProfileViewController.swift in Sources */,
				2F6BAF94268B62AD00943195 /* PhotoViewerViewController.swift in Sources */,
			);
			runOnlyForDeploymentPostprocessing = 0;
		};
/* End PBXSourcesBuildPhase section */

/* Begin PBXVariantGroup section */
		2F6BAF76268B5CDE00943195 /* Main.storyboard */ = {
			isa = PBXVariantGroup;
			children = (
				2F6BAF77268B5CDE00943195 /* Base */,
			);
			name = Main.storyboard;
			sourceTree = "<group>";
		};
		2F6BAF7B268B5CE600943195 /* LaunchScreen.storyboard */ = {
			isa = PBXVariantGroup;
			children = (
				2F6BAF7C268B5CE600943195 /* Base */,
			);
			name = LaunchScreen.storyboard;
			sourceTree = "<group>";
		};
/* End PBXVariantGroup section */

/* Begin XCBuildConfiguration section */
		2F6BAF7F268B5CE600943195 /* Debug */ = {
			isa = XCBuildConfiguration;
			buildSettings = {
				ALWAYS_SEARCH_USER_PATHS = NO;
				CLANG_ANALYZER_NONNULL = YES;
				CLANG_ANALYZER_NUMBER_OBJECT_CONVERSION = YES_AGGRESSIVE;
				CLANG_CXX_LANGUAGE_STANDARD = "gnu++14";
				CLANG_CXX_LIBRARY = "libc++";
				CLANG_ENABLE_MODULES = YES;
				CLANG_ENABLE_OBJC_ARC = YES;
				CLANG_ENABLE_OBJC_WEAK = YES;
				CLANG_WARN_BLOCK_CAPTURE_AUTORELEASING = YES;
				CLANG_WARN_BOOL_CONVERSION = YES;
				CLANG_WARN_COMMA = YES;
				CLANG_WARN_CONSTANT_CONVERSION = YES;
				CLANG_WARN_DEPRECATED_OBJC_IMPLEMENTATIONS = YES;
				CLANG_WARN_DIRECT_OBJC_ISA_USAGE = YES_ERROR;
				CLANG_WARN_DOCUMENTATION_COMMENTS = YES;
				CLANG_WARN_EMPTY_BODY = YES;
				CLANG_WARN_ENUM_CONVERSION = YES;
				CLANG_WARN_INFINITE_RECURSION = YES;
				CLANG_WARN_INT_CONVERSION = YES;
				CLANG_WARN_NON_LITERAL_NULL_CONVERSION = YES;
				CLANG_WARN_OBJC_IMPLICIT_RETAIN_SELF = YES;
				CLANG_WARN_OBJC_LITERAL_CONVERSION = YES;
				CLANG_WARN_OBJC_ROOT_CLASS = YES_ERROR;
				CLANG_WARN_QUOTED_INCLUDE_IN_FRAMEWORK_HEADER = YES;
				CLANG_WARN_RANGE_LOOP_ANALYSIS = YES;
				CLANG_WARN_STRICT_PROTOTYPES = YES;
				CLANG_WARN_SUSPICIOUS_MOVE = YES;
				CLANG_WARN_UNGUARDED_AVAILABILITY = YES_AGGRESSIVE;
				CLANG_WARN_UNREACHABLE_CODE = YES;
				CLANG_WARN__DUPLICATE_METHOD_MATCH = YES;
				COPY_PHASE_STRIP = NO;
				DEBUG_INFORMATION_FORMAT = dwarf;
				ENABLE_STRICT_OBJC_MSGSEND = YES;
				ENABLE_TESTABILITY = YES;
				GCC_C_LANGUAGE_STANDARD = gnu11;
				GCC_DYNAMIC_NO_PIC = NO;
				GCC_NO_COMMON_BLOCKS = YES;
				GCC_OPTIMIZATION_LEVEL = 0;
				GCC_PREPROCESSOR_DEFINITIONS = (
					"DEBUG=1",
					"$(inherited)",
				);
				GCC_WARN_64_TO_32_BIT_CONVERSION = YES;
				GCC_WARN_ABOUT_RETURN_TYPE = YES_ERROR;
				GCC_WARN_UNDECLARED_SELECTOR = YES;
				GCC_WARN_UNINITIALIZED_AUTOS = YES_AGGRESSIVE;
				GCC_WARN_UNUSED_FUNCTION = YES;
				GCC_WARN_UNUSED_VARIABLE = YES;
				IPHONEOS_DEPLOYMENT_TARGET = 14.4;
				MTL_ENABLE_DEBUG_INFO = INCLUDE_SOURCE;
				MTL_FAST_MATH = YES;
				ONLY_ACTIVE_ARCH = YES;
				SDKROOT = iphoneos;
				SWIFT_ACTIVE_COMPILATION_CONDITIONS = DEBUG;
				SWIFT_OPTIMIZATION_LEVEL = "-Onone";
			};
			name = Debug;
		};
		2F6BAF80268B5CE600943195 /* Release */ = {
			isa = XCBuildConfiguration;
			buildSettings = {
				ALWAYS_SEARCH_USER_PATHS = NO;
				CLANG_ANALYZER_NONNULL = YES;
				CLANG_ANALYZER_NUMBER_OBJECT_CONVERSION = YES_AGGRESSIVE;
				CLANG_CXX_LANGUAGE_STANDARD = "gnu++14";
				CLANG_CXX_LIBRARY = "libc++";
				CLANG_ENABLE_MODULES = YES;
				CLANG_ENABLE_OBJC_ARC = YES;
				CLANG_ENABLE_OBJC_WEAK = YES;
				CLANG_WARN_BLOCK_CAPTURE_AUTORELEASING = YES;
				CLANG_WARN_BOOL_CONVERSION = YES;
				CLANG_WARN_COMMA = YES;
				CLANG_WARN_CONSTANT_CONVERSION = YES;
				CLANG_WARN_DEPRECATED_OBJC_IMPLEMENTATIONS = YES;
				CLANG_WARN_DIRECT_OBJC_ISA_USAGE = YES_ERROR;
				CLANG_WARN_DOCUMENTATION_COMMENTS = YES;
				CLANG_WARN_EMPTY_BODY = YES;
				CLANG_WARN_ENUM_CONVERSION = YES;
				CLANG_WARN_INFINITE_RECURSION = YES;
				CLANG_WARN_INT_CONVERSION = YES;
				CLANG_WARN_NON_LITERAL_NULL_CONVERSION = YES;
				CLANG_WARN_OBJC_IMPLICIT_RETAIN_SELF = YES;
				CLANG_WARN_OBJC_LITERAL_CONVERSION = YES;
				CLANG_WARN_OBJC_ROOT_CLASS = YES_ERROR;
				CLANG_WARN_QUOTED_INCLUDE_IN_FRAMEWORK_HEADER = YES;
				CLANG_WARN_RANGE_LOOP_ANALYSIS = YES;
				CLANG_WARN_STRICT_PROTOTYPES = YES;
				CLANG_WARN_SUSPICIOUS_MOVE = YES;
				CLANG_WARN_UNGUARDED_AVAILABILITY = YES_AGGRESSIVE;
				CLANG_WARN_UNREACHABLE_CODE = YES;
				CLANG_WARN__DUPLICATE_METHOD_MATCH = YES;
				COPY_PHASE_STRIP = NO;
				DEBUG_INFORMATION_FORMAT = "dwarf-with-dsym";
				ENABLE_NS_ASSERTIONS = NO;
				ENABLE_STRICT_OBJC_MSGSEND = YES;
				GCC_C_LANGUAGE_STANDARD = gnu11;
				GCC_NO_COMMON_BLOCKS = YES;
				GCC_WARN_64_TO_32_BIT_CONVERSION = YES;
				GCC_WARN_ABOUT_RETURN_TYPE = YES_ERROR;
				GCC_WARN_UNDECLARED_SELECTOR = YES;
				GCC_WARN_UNINITIALIZED_AUTOS = YES_AGGRESSIVE;
				GCC_WARN_UNUSED_FUNCTION = YES;
				GCC_WARN_UNUSED_VARIABLE = YES;
				IPHONEOS_DEPLOYMENT_TARGET = 14.4;
				MTL_ENABLE_DEBUG_INFO = NO;
				MTL_FAST_MATH = YES;
				SDKROOT = iphoneos;
				SWIFT_COMPILATION_MODE = wholemodule;
				SWIFT_OPTIMIZATION_LEVEL = "-O";
				VALIDATE_PRODUCT = YES;
			};
			name = Release;
		};
		2F6BAF82268B5CE600943195 /* Debug */ = {
			isa = XCBuildConfiguration;
			baseConfigurationReference = 0A319FF00A9B9C68EC8FA475 /* Pods-chatAppDemo_Rahul.debug.xcconfig */;
			buildSettings = {
				ASSETCATALOG_COMPILER_APPICON_NAME = AppIcon;
				ASSETCATALOG_COMPILER_GLOBAL_ACCENT_COLOR_NAME = AccentColor;
				CODE_SIGN_STYLE = Automatic;
				INFOPLIST_FILE = chatAppDemo_Rahul/Info.plist;
				LD_RUNPATH_SEARCH_PATHS = (
					"$(inherited)",
					"@executable_path/Frameworks",
				);
				PRODUCT_BUNDLE_IDENTIFIER = "gorismo.chatAppDemo-Rahul";
				PRODUCT_NAME = "$(TARGET_NAME)";
				SWIFT_VERSION = 5.0;
				TARGETED_DEVICE_FAMILY = "1,2";
			};
			name = Debug;
		};
		2F6BAF83268B5CE600943195 /* Release */ = {
			isa = XCBuildConfiguration;
			baseConfigurationReference = 71BAC3DC871BAA0923C9934D /* Pods-chatAppDemo_Rahul.release.xcconfig */;
			buildSettings = {
				ASSETCATALOG_COMPILER_APPICON_NAME = AppIcon;
				ASSETCATALOG_COMPILER_GLOBAL_ACCENT_COLOR_NAME = AccentColor;
				CODE_SIGN_STYLE = Automatic;
				INFOPLIST_FILE = chatAppDemo_Rahul/Info.plist;
				LD_RUNPATH_SEARCH_PATHS = (
					"$(inherited)",
					"@executable_path/Frameworks",
				);
				PRODUCT_BUNDLE_IDENTIFIER = "gorismo.chatAppDemo-Rahul";
				PRODUCT_NAME = "$(TARGET_NAME)";
				SWIFT_VERSION = 5.0;
				TARGETED_DEVICE_FAMILY = "1,2";
			};
			name = Release;
		};
/* End XCBuildConfiguration section */

/* Begin XCConfigurationList section */
		2F6BAF68268B5CDE00943195 /* Build configuration list for PBXProject "chatAppDemo_Rahul" */ = {
			isa = XCConfigurationList;
			buildConfigurations = (
				2F6BAF7F268B5CE600943195 /* Debug */,
				2F6BAF80268B5CE600943195 /* Release */,
			);
			defaultConfigurationIsVisible = 0;
			defaultConfigurationName = Release;
		};
		2F6BAF81268B5CE600943195 /* Build configuration list for PBXNativeTarget "chatAppDemo_Rahul" */ = {
			isa = XCConfigurationList;
			buildConfigurations = (
				2F6BAF82268B5CE600943195 /* Debug */,
				2F6BAF83268B5CE600943195 /* Release */,
			);
			defaultConfigurationIsVisible = 0;
			defaultConfigurationName = Release;
		};
/* End XCConfigurationList section */
	};
	rootObject = 2F6BAF65268B5CDE00943195 /* Project object */;
}
